{
  "name": "powercycle",
  "version": "0.1.2",
  "lockfileVersion": 1,
  "requires": true,
  "dependencies": {
    "@cycle/isolate": {
      "version": "5.0.0",
      "resolved": "https://registry.npmjs.org/@cycle/isolate/-/isolate-5.0.0.tgz",
      "integrity": "sha512-9MS+Z7AjRzYljOc+AqSQUQBmQw0473rqv6op0dyhumILydcGirTmR6hrilJ/IYcYjeDEYaVfftYuIu15kU/Qcg==",
      "requires": {
        "@cycle/run": "^5.2.0",
        "xstream": "^11.7.0"
      }
    },
    "@cycle/run": {
      "version": "5.2.0",
      "resolved": "https://registry.npmjs.org/@cycle/run/-/run-5.2.0.tgz",
      "integrity": "sha512-FTXtJ13I8MkBo7BGBH6S41/vt/Z/s23ZjyhmyTrFGCFxBH5rtIJGcuVPwbSVRlpjFq7G2Vjxd585u+0kANhNvA==",
      "requires": {
        "quicktask": "1.1.0",
        "xstream": "10.x || 11.x"
      }
    },
    "@cycle/state": {
      "version": "1.2.0",
      "resolved": "https://registry.npmjs.org/@cycle/state/-/state-1.2.0.tgz",
      "integrity": "sha512-G9Htl8zEuxd3GhYLm0zwARq1CSOeyaL2VN1SCmMUF6wUvrv17xQGfiYOcfOQ9aFeOwJnc+G9p6Dya2uRNNRhog==",
      "requires": {
        "@cycle/isolate": "^5.0.0",
        "@cycle/run": "^5.2.0",
        "quicktask": "1.1.0",
        "xstream": ">=11"
      }
    },
    "lodash": {
      "version": "4.17.11",
      "resolved": "https://registry.npmjs.org/lodash/-/lodash-4.17.11.tgz",
      "integrity": "sha512-cQKh8igo5QUhZ7lg38DYWAxMvjSAKG0A8wGSVimP07SIUEK2UO+arSRKbRZWtelMtN5V0Hkwh5ryOto/SshYIg=="
    },
    "quicktask": {
      "version": "1.1.0",
      "resolved": "https://registry.npmjs.org/quicktask/-/quicktask-1.1.0.tgz",
      "integrity": "sha512-b3w19IEXnt5auacLAbePVsqPyVQUwmuhJQrrWnVhm4pP8PAMg2U9vFHbAD9XYXXbMDjdLJs0x5NLqwTV8uFK4g=="
    },
    "symbol-observable": {
      "version": "1.2.0",
      "resolved": "https://registry.npmjs.org/symbol-observable/-/symbol-observable-1.2.0.tgz",
      "integrity": "sha512-e900nM8RRtGhlV36KGEU9k65K3mPb1WV70OdjfxlG2EAuM1noi/E/BaW/uMhL7bPEssK8QV57vN3esixjUvcXQ=="
    },
    "xstream": {
      "version": "11.10.0",
      "resolved": "https://registry.npmjs.org/xstream/-/xstream-11.10.0.tgz",
      "integrity": "sha512-jzFCiRqGtrJi2S1/RPxVFgJwWVBzy4suMPBXlhOi0BJC7VvsXgo2yOHWnOasnj24n2Dlj2Mgfl6fJXPOYmpHFA==",
      "requires": {
        "symbol-observable": "1.2.0"
      }
    }
  }
}
